
Microsoft Visual Studio Solution File, Format Version 12.00
# Visual Studio Express 2012 for Windows Desktop
Project("{FAE04EC0-301F-11D3-BF4B-00C04F79EFBC}") = "JTfy", "JTfy\JTfy.csproj", "{AB511A46-4036-478E-A58A-3309FC858FE4}"
EndProject
Project("{2150E333-8FDC-42A3-9474-1A3956D46DE8}") = ".nuget", ".nuget", "{5498197E-E36D-4944-9A61-66368C927BE3}"
	ProjectSection(SolutionItems) = preProject
		.nuget\packages.config = .nuget\packages.config
	EndProjectSection
EndProject
Global
	GlobalSection(SolutionConfigurationPlatforms) = preSolution
		Debug|Any CPU = Debug|Any CPU
		Debug|x64 = Debug|x64
		Debug|x86 = Debug|x86
		Release|Any CPU = Release|Any CPU
		Release|x64 = Release|x64
		Release|x86 = Release|x86
	EndGlobalSection
	GlobalSection(ProjectConfigurationPlatforms) = postSolution
		{AB511A46-4036-478E-A58A-3309FC858FE4}.Debug|Any CPU.ActiveCfg = Debug|Any CPU
		{AB511A46-4036-478E-A58A-3309FC858FE4}.Debug|Any CPU.Build.0 = Debug|Any CPU
		{AB511A46-4036-478E-A58A-3309FC858FE4}.Debug|x64.ActiveCfg = Debug|x64
		{AB511A46-4036-478E-A58A-3309FC858FE4}.Debug|x64.Build.0 = Debug|x64
		{AB511A46-4036-478E-A58A-3309FC858FE4}.Debug|x86.ActiveCfg = Debug|x86
		{AB511A46-4036-478E-A58A-3309FC858FE4}.Debug|x86.Build.0 = Debug|x86
		{AB511A46-4036-478E-A58A-3309FC858FE4}.Release|Any CPU.ActiveCfg = Release|Any CPU
		{AB511A46-4036-478E-A58A-3309FC858FE4}.Release|Any CPU.Build.0 = Release|Any CPU
		{AB511A46-4036-478E-A58A-3309FC858FE4}.Release|x64.ActiveCfg = Release|x64
		{AB511A46-4036-478E-A58A-3309FC858FE4}.Release|x64.Build.0 = Release|x64
		{AB511A46-4036-478E-A58A-3309FC858FE4}.Release|x86.ActiveCfg = Release|x86
		{AB511A46-4036-478E-A58A-3309FC858FE4}.Release|x86.Build.0 = Release|x86
	EndGlobalSection
	GlobalSection(SolutionProperties) = preSolution
		HideSolutionNode = FALSE
	EndGlobalSection
EndGlobal
